
Microsoft Visual Studio Solution File, Format Version 12.00
# Visual Studio Version 16
VisualStudioVersion = 16.0.30621.155
MinimumVisualStudioVersion = 10.0.40219.1
Project("{FAE04EC0-301F-11D3-BF4B-00C04F79EFBC}") = "Lab3_1", "Lab3_1\Lab3_1.csproj", "{4560280C-EB7A-4262-B117-57A686CA612E}"
EndProject
Global
	GlobalSection(SolutionConfigurationPlatforms) = preSolution
		Debug|Any CPU = Debug|Any CPU
		Release|Any CPU = Release|Any CPU
	EndGlobalSection
	GlobalSection(ProjectConfigurationPlatforms) = postSolution
		{4560280C-EB7A-4262-B117-57A686CA612E}.Debug|Any CPU.ActiveCfg = Debug|Any CPU
		{4560280C-EB7A-4262-B117-57A686CA612E}.Debug|Any CPU.Build.0 = Debug|Any CPU
		{4560280C-EB7A-4262-B117-57A686CA612E}.Release|Any CPU.ActiveCfg = Release|Any CPU
		{4560280C-EB7A-4262-B117-57A686CA612E}.Release|Any CPU.Build.0 = Release|Any CPU
	EndGlobalSection
	GlobalSection(SolutionProperties) = preSolution
		HideSolutionNode = FALSE
	EndGlobalSection
	GlobalSection(ExtensibilityGlobals) = postSolution
		SolutionGuid = {641C34FE-DB3E-49DC-BBC0-5E38AEB46C01}
	EndGlobalSection
EndGlobal
